
Microsoft Visual Studio Solution File, Format Version 12.00
# Visual Studio 15
VisualStudioVersion = 15.0.28307.329
MinimumVisualStudioVersion = 10.0.40219.1
Project("{FAE04EC0-301F-11D3-BF4B-00C04F79EFBC}") = "KursachExcelInterop", "KursachExcelInterop\KursachExcelInterop.csproj", "{9FEF1A69-C117-4917-802F-C0EEED22C5AA}"
EndProject
Global
	GlobalSection(SolutionConfigurationPlatforms) = preSolution
		Debug|Any CPU = Debug|Any CPU
		Release|Any CPU = Release|Any CPU
	EndGlobalSection
	GlobalSection(ProjectConfigurationPlatforms) = postSolution
		{9FEF1A69-C117-4917-802F-C0EEED22C5AA}.Debug|Any CPU.ActiveCfg = Debug|Any CPU
		{9FEF1A69-C117-4917-802F-C0EEED22C5AA}.Debug|Any CPU.Build.0 = Debug|Any CPU
		{9FEF1A69-C117-4917-802F-C0EEED22C5AA}.Release|Any CPU.ActiveCfg = Release|Any CPU
		{9FEF1A69-C117-4917-802F-C0EEED22C5AA}.Release|Any CPU.Build.0 = Release|Any CPU
	EndGlobalSection
	GlobalSection(SolutionProperties) = preSolution
		HideSolutionNode = FALSE
	EndGlobalSection
	GlobalSection(ExtensibilityGlobals) = postSolution
		SolutionGuid = {326E330B-8663-43E5-9624-4494A691FEE6}
	EndGlobalSection
EndGlobal
